// !$*UTF8*$!
{
	archiveVersion = 1;
	classes = {
	};
	objectVersion = 56;
	objects = {

/* Begin PBXBuildFile section */
		0D13FBF7B37230CADFD4588A /* Pods_WantToMeetYou.framework in Frameworks */ = {isa = PBXBuildFile; fileRef = E518921C92833E043DCB5D43 /* Pods_WantToMeetYou.framework */; };
		785749D32A485F020032B9A4 /* AppDelegate.swift in Sources */ = {isa = PBXBuildFile; fileRef = 785749D22A485F020032B9A4 /* AppDelegate.swift */; };
		785749D52A485F020032B9A4 /* SceneDelegate.swift in Sources */ = {isa = PBXBuildFile; fileRef = 785749D42A485F020032B9A4 /* SceneDelegate.swift */; };
		785749D72A485F020032B9A4 /* ViewController.swift in Sources */ = {isa = PBXBuildFile; fileRef = 785749D62A485F020032B9A4 /* ViewController.swift */; };
		785749DA2A485F020032B9A4 /* Main.storyboard in Resources */ = {isa = PBXBuildFile; fileRef = 785749D82A485F020032B9A4 /* Main.storyboard */; };
		785749DC2A485F030032B9A4 /* Assets.xcassets in Resources */ = {isa = PBXBuildFile; fileRef = 785749DB2A485F030032B9A4 /* Assets.xcassets */; };
		785749DF2A485F030032B9A4 /* LaunchScreen.storyboard in Resources */ = {isa = PBXBuildFile; fileRef = 785749DD2A485F030032B9A4 /* LaunchScreen.storyboard */; };
		785749E82A4863810032B9A4 /* Ext+UIApplication.swift in Sources */ = {isa = PBXBuildFile; fileRef = 785749E72A4863810032B9A4 /* Ext+UIApplication.swift */; };
		785749EA2A4864B90032B9A4 /* SecretData.swift in Sources */ = {isa = PBXBuildFile; fileRef = 785749E92A4864B90032B9A4 /* SecretData.swift */; };
/* End PBXBuildFile section */

/* Begin PBXFileReference section */
		728D3CCD10EA2948F2A1FBF3 /* Pods-WantToMeetYou.release.xcconfig */ = {isa = PBXFileReference; includeInIndex = 1; lastKnownFileType = text.xcconfig; name = "Pods-WantToMeetYou.release.xcconfig"; path = "Target Support Files/Pods-WantToMeetYou/Pods-WantToMeetYou.release.xcconfig"; sourceTree = "<group>"; };
		785749CF2A485F020032B9A4 /* WantToMeetYou.app */ = {isa = PBXFileReference; explicitFileType = wrapper.application; includeInIndex = 0; path = WantToMeetYou.app; sourceTree = BUILT_PRODUCTS_DIR; };
		785749D22A485F020032B9A4 /* AppDelegate.swift */ = {isa = PBXFileReference; lastKnownFileType = sourcecode.swift; path = AppDelegate.swift; sourceTree = "<group>"; };
		785749D42A485F020032B9A4 /* SceneDelegate.swift */ = {isa = PBXFileReference; lastKnownFileType = sourcecode.swift; path = SceneDelegate.swift; sourceTree = "<group>"; };
		785749D62A485F020032B9A4 /* ViewController.swift */ = {isa = PBXFileReference; lastKnownFileType = sourcecode.swift; path = ViewController.swift; sourceTree = "<group>"; };
		785749D92A485F020032B9A4 /* Base */ = {isa = PBXFileReference; lastKnownFileType = file.storyboard; name = Base; path = Base.lproj/Main.storyboard; sourceTree = "<group>"; };
		785749DB2A485F030032B9A4 /* Assets.xcassets */ = {isa = PBXFileReference; lastKnownFileType = folder.assetcatalog; path = Assets.xcassets; sourceTree = "<group>"; };
		785749DE2A485F030032B9A4 /* Base */ = {isa = PBXFileReference; lastKnownFileType = file.storyboard; name = Base; path = Base.lproj/LaunchScreen.storyboard; sourceTree = "<group>"; };
		785749E02A485F030032B9A4 /* Info.plist */ = {isa = PBXFileReference; lastKnownFileType = text.plist.xml; path = Info.plist; sourceTree = "<group>"; };
		785749E72A4863810032B9A4 /* Ext+UIApplication.swift */ = {isa = PBXFileReference; lastKnownFileType = sourcecode.swift; path = "Ext+UIApplication.swift"; sourceTree = "<group>"; };
		785749E92A4864B90032B9A4 /* SecretData.swift */ = {isa = PBXFileReference; lastKnownFileType = sourcecode.swift; path = SecretData.swift; sourceTree = "<group>"; };
		789E3746EFC9481D29DA4C59 /* Pods-WantToMeetYou.debug.xcconfig */ = {isa = PBXFileReference; includeInIndex = 1; lastKnownFileType = text.xcconfig; name = "Pods-WantToMeetYou.debug.xcconfig"; path = "Target Support Files/Pods-WantToMeetYou/Pods-WantToMeetYou.debug.xcconfig"; sourceTree = "<group>"; };
		E518921C92833E043DCB5D43 /* Pods_WantToMeetYou.framework */ = {isa = PBXFileReference; explicitFileType = wrapper.framework; includeInIndex = 0; path = Pods_WantToMeetYou.framework; sourceTree = BUILT_PRODUCTS_DIR; };
/* End PBXFileReference section */

/* Begin PBXFrameworksBuildPhase section */
		785749CC2A485F020032B9A4 /* Frameworks */ = {
			isa = PBXFrameworksBuildPhase;
			buildActionMask = 2147483647;
			files = (
				0D13FBF7B37230CADFD4588A /* Pods_WantToMeetYou.framework in Frameworks */,
			);
			runOnlyForDeploymentPostprocessing = 0;
		};
/* End PBXFrameworksBuildPhase section */

/* Begin PBXGroup section */
		000C31A42A023C01EE00FEA8 /* Frameworks */ = {
			isa = PBXGroup;
			children = (
				E518921C92833E043DCB5D43 /* Pods_WantToMeetYou.framework */,
			);
			name = Frameworks;
			sourceTree = "<group>";
		};
		23109B3DC9BF41509B484885 /* Pods */ = {
			isa = PBXGroup;
			children = (
				789E3746EFC9481D29DA4C59 /* Pods-WantToMeetYou.debug.xcconfig */,
				728D3CCD10EA2948F2A1FBF3 /* Pods-WantToMeetYou.release.xcconfig */,
			);
			path = Pods;
			sourceTree = "<group>";
		};
		785749C62A485F020032B9A4 = {
			isa = PBXGroup;
			children = (
				785749D12A485F020032B9A4 /* WantToMeetYou */,
				785749D02A485F020032B9A4 /* Products */,
				23109B3DC9BF41509B484885 /* Pods */,
				000C31A42A023C01EE00FEA8 /* Frameworks */,
			);
			sourceTree = "<group>";
		};
		785749D02A485F020032B9A4 /* Products */ = {
			isa = PBXGroup;
			children = (
				785749CF2A485F020032B9A4 /* WantToMeetYou.app */,
			);
			name = Products;
			sourceTree = "<group>";
		};
		785749D12A485F020032B9A4 /* WantToMeetYou */ = {
			isa = PBXGroup;
			children = (
				785749E62A4863730032B9A4 /* Extensions */,
				785749D62A485F020032B9A4 /* ViewController.swift */,
				785749D82A485F020032B9A4 /* Main.storyboard */,
				785749DD2A485F030032B9A4 /* LaunchScreen.storyboard */,
				785749EB2A48680B0032B9A4 /* Resources */,
			);
			path = WantToMeetYou;
			sourceTree = "<group>";
		};
		785749E62A4863730032B9A4 /* Extensions */ = {
			isa = PBXGroup;
			children = (
				785749E72A4863810032B9A4 /* Ext+UIApplication.swift */,
			);
			path = Extensions;
			sourceTree = "<group>";
		};
		785749EB2A48680B0032B9A4 /* Resources */ = {
			isa = PBXGroup;
			children = (
				785749D22A485F020032B9A4 /* AppDelegate.swift */,
				785749D42A485F020032B9A4 /* SceneDelegate.swift */,
				785749E92A4864B90032B9A4 /* SecretData.swift */,
				785749E02A485F030032B9A4 /* Info.plist */,
				785749DB2A485F030032B9A4 /* Assets.xcassets */,
			);
			path = Resources;
			sourceTree = "<group>";
		};
/* End PBXGroup section */

/* Begin PBXNativeTarget section */
		785749CE2A485F020032B9A4 /* WantToMeetYou */ = {
			isa = PBXNativeTarget;
			buildConfigurationList = 785749E32A485F030032B9A4 /* Build configuration list for PBXNativeTarget "WantToMeetYou" */;
			buildPhases = (
				BCB52A95679650FB1E21D615 /* [CP] Check Pods Manifest.lock */,
				785749CB2A485F020032B9A4 /* Sources */,
				785749CC2A485F020032B9A4 /* Frameworks */,
				785749CD2A485F020032B9A4 /* Resources */,
				E4816CD8FF11B5AB871835CD /* [CP] Copy Pods Resources */,
			);
			buildRules = (
			);
			dependencies = (
			);
			name = WantToMeetYou;
			productName = WantToMeetYou;
			productReference = 785749CF2A485F020032B9A4 /* WantToMeetYou.app */;
			productType = "com.apple.product-type.application";
		};
/* End PBXNativeTarget section */

/* Begin PBXProject section */
		785749C72A485F020032B9A4 /* Project object */ = {
			isa = PBXProject;
			attributes = {
				BuildIndependentTargetsInParallel = 1;
				LastSwiftUpdateCheck = 1430;
				LastUpgradeCheck = 1430;
				TargetAttributes = {
					785749CE2A485F020032B9A4 = {
						CreatedOnToolsVersion = 14.3.1;
					};
				};
			};
			buildConfigurationList = 785749CA2A485F020032B9A4 /* Build configuration list for PBXProject "WantToMeetYou" */;
			compatibilityVersion = "Xcode 14.0";
			developmentRegion = en;
			hasScannedForEncodings = 0;
			knownRegions = (
				en,
				Base,
			);
			mainGroup = 785749C62A485F020032B9A4;
			productRefGroup = 785749D02A485F020032B9A4 /* Products */;
			projectDirPath = "";
			projectRoot = "";
			targets = (
				785749CE2A485F020032B9A4 /* WantToMeetYou */,
			);
		};
/* End PBXProject section */

/* Begin PBXResourcesBuildPhase section */
		785749CD2A485F020032B9A4 /* Resources */ = {
			isa = PBXResourcesBuildPhase;
			buildActionMask = 2147483647;
			files = (
				785749DF2A485F030032B9A4 /* LaunchScreen.storyboard in Resources */,
				785749DC2A485F030032B9A4 /* Assets.xcassets in Resources */,
				785749DA2A485F020032B9A4 /* Main.storyboard in Resources */,
			);
			runOnlyForDeploymentPostprocessing = 0;
		};
/* End PBXResourcesBuildPhase section */

/* Begin PBXShellScriptBuildPhase section */
		BCB52A95679650FB1E21D615 /* [CP] Check Pods Manifest.lock */ = {
			isa = PBXShellScriptBuildPhase;
			buildActionMask = 2147483647;
			files = (
			);
			inputFileListPaths = (
			);
			inputPaths = (
				"${PODS_PODFILE_DIR_PATH}/Podfile.lock",
				"${PODS_ROOT}/Manifest.lock",
			);
			name = "[CP] Check Pods Manifest.lock";
			outputFileListPaths = (
			);
			outputPaths = (
				"$(DERIVED_FILE_DIR)/Pods-WantToMeetYou-checkManifestLockResult.txt",
			);
			runOnlyForDeploymentPostprocessing = 0;
			shellPath = /bin/sh;
			shellScript = "diff \"${PODS_PODFILE_DIR_PATH}/Podfile.lock\" \"${PODS_ROOT}/Manifest.lock\" > /dev/null\nif [ $? != 0 ] ; then\n    # print error to STDERR\n    echo \"error: The sandbox is not in sync with the Podfile.lock. Run 'pod install' or update your CocoaPods installation.\" >&2\n    exit 1\nfi\n# This output is used by Xcode 'outputs' to avoid re-running this script phase.\necho \"SUCCESS\" > \"${SCRIPT_OUTPUT_FILE_0}\"\n";
			showEnvVarsInLog = 0;
		};
		E4816CD8FF11B5AB871835CD /* [CP] Copy Pods Resources */ = {
			isa = PBXShellScriptBuildPhase;
			buildActionMask = 2147483647;
			files = (
			);
			inputFileListPaths = (
				"${PODS_ROOT}/Target Support Files/Pods-WantToMeetYou/Pods-WantToMeetYou-resources-${CONFIGURATION}-input-files.xcfilelist",
			);
			name = "[CP] Copy Pods Resources";
			outputFileListPaths = (
				"${PODS_ROOT}/Target Support Files/Pods-WantToMeetYou/Pods-WantToMeetYou-resources-${CONFIGURATION}-output-files.xcfilelist",
			);
			runOnlyForDeploymentPostprocessing = 0;
			shellPath = /bin/sh;
			shellScript = "\"${PODS_ROOT}/Target Support Files/Pods-WantToMeetYou/Pods-WantToMeetYou-resources.sh\"\n";
			showEnvVarsInLog = 0;
		};
/* End PBXShellScriptBuildPhase section */

/* Begin PBXSourcesBuildPhase section */
		785749CB2A485F020032B9A4 /* Sources */ = {
			isa = PBXSourcesBuildPhase;
			buildActionMask = 2147483647;
			files = (
				785749E82A4863810032B9A4 /* Ext+UIApplication.swift in Sources */,
				785749D72A485F020032B9A4 /* ViewController.swift in Sources */,
				785749D32A485F020032B9A4 /* AppDelegate.swift in Sources */,
				785749D52A485F020032B9A4 /* SceneDelegate.swift in Sources */,
				785749EA2A4864B90032B9A4 /* SecretData.swift in Sources */,
			);
			runOnlyForDeploymentPostprocessing = 0;
		};
/* End PBXSourcesBuildPhase section */

/* Begin PBXVariantGroup section */
		785749D82A485F020032B9A4 /* Main.storyboard */ = {
			isa = PBXVariantGroup;
			children = (
				785749D92A485F020032B9A4 /* Base */,
			);
			name = Main.storyboard;
			sourceTree = "<group>";
		};
		785749DD2A485F030032B9A4 /* LaunchScreen.storyboard */ = {
			isa = PBXVariantGroup;
			children = (
				785749DE2A485F030032B9A4 /* Base */,
			);
			name = LaunchScreen.storyboard;
			sourceTree = "<group>";
		};
/* End PBXVariantGroup section */

/* Begin XCBuildConfiguration section */
		785749E12A485F030032B9A4 /* Debug */ = {
			isa = XCBuildConfiguration;
			buildSettings = {
				ALWAYS_SEARCH_USER_PATHS = NO;
				CLANG_ANALYZER_NONNULL = YES;
				CLANG_ANALYZER_NUMBER_OBJECT_CONVERSION = YES_AGGRESSIVE;
				CLANG_CXX_LANGUAGE_STANDARD = "gnu++20";
				CLANG_ENABLE_MODULES = YES;
				CLANG_ENABLE_OBJC_ARC = YES;
				CLANG_ENABLE_OBJC_WEAK = YES;
				CLANG_WARN_BLOCK_CAPTURE_AUTORELEASING = YES;
				CLANG_WARN_BOOL_CONVERSION = YES;
				CLANG_WARN_COMMA = YES;
				CLANG_WARN_CONSTANT_CONVERSION = YES;
				CLANG_WARN_DEPRECATED_OBJC_IMPLEMENTATIONS = YES;
				CLANG_WARN_DIRECT_OBJC_ISA_USAGE = YES_ERROR;
				CLANG_WARN_DOCUMENTATION_COMMENTS = YES;
				CLANG_WARN_EMPTY_BODY = YES;
				CLANG_WARN_ENUM_CONVERSION = YES;
				CLANG_WARN_INFINITE_RECURSION = YES;
				CLANG_WARN_INT_CONVERSION = YES;
				CLANG_WARN_NON_LITERAL_NULL_CONVERSION = YES;
				CLANG_WARN_OBJC_IMPLICIT_RETAIN_SELF = YES;
				CLANG_WARN_OBJC_LITERAL_CONVERSION = YES;
				CLANG_WARN_OBJC_ROOT_CLASS = YES_ERROR;
				CLANG_WARN_QUOTED_INCLUDE_IN_FRAMEWORK_HEADER = YES;
				CLANG_WARN_RANGE_LOOP_ANALYSIS = YES;
				CLANG_WARN_STRICT_PROTOTYPES = YES;
				CLANG_WARN_SUSPICIOUS_MOVE = YES;
				CLANG_WARN_UNGUARDED_AVAILABILITY = YES_AGGRESSIVE;
				CLANG_WARN_UNREACHABLE_CODE = YES;
				CLANG_WARN__DUPLICATE_METHOD_MATCH = YES;
				COPY_PHASE_STRIP = NO;
				DEBUG_INFORMATION_FORMAT = dwarf;
				ENABLE_STRICT_OBJC_MSGSEND = YES;
				ENABLE_TESTABILITY = YES;
				GCC_C_LANGUAGE_STANDARD = gnu11;
				GCC_DYNAMIC_NO_PIC = NO;
				GCC_NO_COMMON_BLOCKS = YES;
				GCC_OPTIMIZATION_LEVEL = 0;
				GCC_PREPROCESSOR_DEFINITIONS = (
					"DEBUG=1",
					"$(inherited)",
				);
				GCC_WARN_64_TO_32_BIT_CONVERSION = YES;
				GCC_WARN_ABOUT_RETURN_TYPE = YES_ERROR;
				GCC_WARN_UNDECLARED_SELECTOR = YES;
				GCC_WARN_UNINITIALIZED_AUTOS = YES_AGGRESSIVE;
				GCC_WARN_UNUSED_FUNCTION = YES;
				GCC_WARN_UNUSED_VARIABLE = YES;
				IPHONEOS_DEPLOYMENT_TARGET = 13.0;
				MTL_ENABLE_DEBUG_INFO = INCLUDE_SOURCE;
				MTL_FAST_MATH = YES;
				ONLY_ACTIVE_ARCH = YES;
				SDKROOT = iphoneos;
				SWIFT_ACTIVE_COMPILATION_CONDITIONS = DEBUG;
				SWIFT_OPTIMIZATION_LEVEL = "-Onone";
			};
			name = Debug;
		};
		785749E22A485F030032B9A4 /* Release */ = {
			isa = XCBuildConfiguration;
			buildSettings = {
				ALWAYS_SEARCH_USER_PATHS = NO;
				CLANG_ANALYZER_NONNULL = YES;
				CLANG_ANALYZER_NUMBER_OBJECT_CONVERSION = YES_AGGRESSIVE;
				CLANG_CXX_LANGUAGE_STANDARD = "gnu++20";
				CLANG_ENABLE_MODULES = YES;
				CLANG_ENABLE_OBJC_ARC = YES;
				CLANG_ENABLE_OBJC_WEAK = YES;
				CLANG_WARN_BLOCK_CAPTURE_AUTORELEASING = YES;
				CLANG_WARN_BOOL_CONVERSION = YES;
				CLANG_WARN_COMMA = YES;
				CLANG_WARN_CONSTANT_CONVERSION = YES;
				CLANG_WARN_DEPRECATED_OBJC_IMPLEMENTATIONS = YES;
				CLANG_WARN_DIRECT_OBJC_ISA_USAGE = YES_ERROR;
				CLANG_WARN_DOCUMENTATION_COMMENTS = YES;
				CLANG_WARN_EMPTY_BODY = YES;
				CLANG_WARN_ENUM_CONVERSION = YES;
				CLANG_WARN_INFINITE_RECURSION = YES;
				CLANG_WARN_INT_CONVERSION = YES;
				CLANG_WARN_NON_LITERAL_NULL_CONVERSION = YES;
				CLANG_WARN_OBJC_IMPLICIT_RETAIN_SELF = YES;
				CLANG_WARN_OBJC_LITERAL_CONVERSION = YES;
				CLANG_WARN_OBJC_ROOT_CLASS = YES_ERROR;
				CLANG_WARN_QUOTED_INCLUDE_IN_FRAMEWORK_HEADER = YES;
				CLANG_WARN_RANGE_LOOP_ANALYSIS = YES;
				CLANG_WARN_STRICT_PROTOTYPES = YES;
				CLANG_WARN_SUSPICIOUS_MOVE = YES;
				CLANG_WARN_UNGUARDED_AVAILABILITY = YES_AGGRESSIVE;
				CLANG_WARN_UNREACHABLE_CODE = YES;
				CLANG_WARN__DUPLICATE_METHOD_MATCH = YES;
				COPY_PHASE_STRIP = NO;
				DEBUG_INFORMATION_FORMAT = "dwarf-with-dsym";
				ENABLE_NS_ASSERTIONS = NO;
				ENABLE_STRICT_OBJC_MSGSEND = YES;
				GCC_C_LANGUAGE_STANDARD = gnu11;
				GCC_NO_COMMON_BLOCKS = YES;
				GCC_WARN_64_TO_32_BIT_CONVERSION = YES;
				GCC_WARN_ABOUT_RETURN_TYPE = YES_ERROR;
				GCC_WARN_UNDECLARED_SELECTOR = YES;
				GCC_WARN_UNINITIALIZED_AUTOS = YES_AGGRESSIVE;
				GCC_WARN_UNUSED_FUNCTION = YES;
				GCC_WARN_UNUSED_VARIABLE = YES;
				IPHONEOS_DEPLOYMENT_TARGET = 13.0;
				MTL_ENABLE_DEBUG_INFO = NO;
				MTL_FAST_MATH = YES;
				SDKROOT = iphoneos;
				SWIFT_COMPILATION_MODE = wholemodule;
				SWIFT_OPTIMIZATION_LEVEL = "-O";
				VALIDATE_PRODUCT = YES;
			};
			name = Release;
		};
		785749E42A485F030032B9A4 /* Debug */ = {
			isa = XCBuildConfiguration;
			baseConfigurationReference = 789E3746EFC9481D29DA4C59 /* Pods-WantToMeetYou.debug.xcconfig */;
			buildSettings = {
				ASSETCATALOG_COMPILER_APPICON_NAME = AppIcon;
				ASSETCATALOG_COMPILER_GLOBAL_ACCENT_COLOR_NAME = AccentColor;
				CODE_SIGN_STYLE = Automatic;
				CURRENT_PROJECT_VERSION = 1;
				GENERATE_INFOPLIST_FILE = YES;
				INFOPLIST_FILE = WantToMeetYou/Resources/Info.plist;
				INFOPLIST_KEY_NSLocationWhenInUseUsageDescription = "This app displays user location arrow";
				INFOPLIST_KEY_UIApplicationSupportsIndirectInputEvents = YES;
				INFOPLIST_KEY_UILaunchStoryboardName = LaunchScreen;
				INFOPLIST_KEY_UIMainStoryboardFile = Main;
				INFOPLIST_KEY_UISupportedInterfaceOrientations_iPad = "UIInterfaceOrientationPortrait UIInterfaceOrientationPortraitUpsideDown UIInterfaceOrientationLandscapeLeft UIInterfaceOrientationLandscapeRight";
				INFOPLIST_KEY_UISupportedInterfaceOrientations_iPhone = "UIInterfaceOrientationPortrait UIInterfaceOrientationLandscapeLeft UIInterfaceOrientationLandscapeRight";
				LD_RUNPATH_SEARCH_PATHS = (
					"$(inherited)",
					"@executable_path/Frameworks",
				);
				MARKETING_VERSION = 1.0;
				PRODUCT_BUNDLE_IDENTIFIER = smalex.WantToMeetYou;
				PRODUCT_NAME = "$(TARGET_NAME)";
				SWIFT_EMIT_LOC_STRINGS = YES;
				SWIFT_VERSION = 5.0;
				TARGETED_DEVICE_FAMILY = "1,2";
			};
			name = Debug;
		};
		785749E52A485F030032B9A4 /* Release */ = {
			isa = XCBuildConfiguration;
			baseConfigurationReference = 728D3CCD10EA2948F2A1FBF3 /* Pods-WantToMeetYou.release.xcconfig */;
			buildSettings = {
				ASSETCATALOG_COMPILER_APPICON_NAME = AppIcon;
				ASSETCATALOG_COMPILER_GLOBAL_ACCENT_COLOR_NAME = AccentColor;
				CODE_SIGN_STYLE = Automatic;
				CURRENT_PROJECT_VERSION = 1;
				GENERATE_INFOPLIST_FILE = YES;
				INFOPLIST_FILE = WantToMeetYou/Resources/Info.plist;
				INFOPLIST_KEY_NSLocationWhenInUseUsageDescription = "This app displays user location arrow";
				INFOPLIST_KEY_UIApplicationSupportsIndirectInputEvents = YES;
				INFOPLIST_KEY_UILaunchStoryboardName = LaunchScreen;
				INFOPLIST_KEY_UIMainStoryboardFile = Main;
				INFOPLIST_KEY_UISupportedInterfaceOrientations_iPad = "UIInterfaceOrientationPortrait UIInterfaceOrientationPortraitUpsideDown UIInterfaceOrientationLandscapeLeft UIInterfaceOrientationLandscapeRight";
				INFOPLIST_KEY_UISupportedInterfaceOrientations_iPhone = "UIInterfaceOrientationPortrait UIInterfaceOrientationLandscapeLeft UIInterfaceOrientationLandscapeRight";
				LD_RUNPATH_SEARCH_PATHS = (
					"$(inherited)",
					"@executable_path/Frameworks",
				);
				MARKETING_VERSION = 1.0;
				PRODUCT_BUNDLE_IDENTIFIER = smalex.WantToMeetYou;
				PRODUCT_NAME = "$(TARGET_NAME)";
				SWIFT_EMIT_LOC_STRINGS = YES;
				SWIFT_VERSION = 5.0;
				TARGETED_DEVICE_FAMILY = "1,2";
			};
			name = Release;
		};
/* End XCBuildConfiguration section */

/* Begin XCConfigurationList section */
		785749CA2A485F020032B9A4 /* Build configuration list for PBXProject "WantToMeetYou" */ = {
			isa = XCConfigurationList;
			buildConfigurations = (
				785749E12A485F030032B9A4 /* Debug */,
				785749E22A485F030032B9A4 /* Release */,
			);
			defaultConfigurationIsVisible = 0;
			defaultConfigurationName = Release;
		};
		785749E32A485F030032B9A4 /* Build configuration list for PBXNativeTarget "WantToMeetYou" */ = {
			isa = XCConfigurationList;
			buildConfigurations = (
				785749E42A485F030032B9A4 /* Debug */,
				785749E52A485F030032B9A4 /* Release */,
			);
			defaultConfigurationIsVisible = 0;
			defaultConfigurationName = Release;
		};
/* End XCConfigurationList section */
	};
	rootObject = 785749C72A485F020032B9A4 /* Project object */;
}
